
Microsoft Visual Studio Solution File, Format Version 12.00
# Visual Studio 15
VisualStudioVersion = 15.0.27004.2002
MinimumVisualStudioVersion = 10.0.40219.1
Project("{2150E333-8FDC-42A3-9474-1A3956D46DE8}") = "MiscFiles", "MiscFiles", "{23606D78-D40B-4998-8781-E23F81F88ABC}"
	ProjectSection(SolutionItems) = preProject
		APK_IPA\GooglePlay.json = APK_IPA\GooglePlay.json
	EndProjectSection
EndProject
Project("{FAE04EC0-301F-11D3-BF4B-00C04F79EFBC}") = "SPromoterMobile.IOS", "SmartPromoter.Iphone\SPromoterMobile.IOS.csproj", "{511916E7-EED0-401A-8FFB-FF776D9CDFB6}"
EndProject
Project("{FAE04EC0-301F-11D3-BF4B-00C04F79EFBC}") = "SPromoterMobile", "SPromoterMobile\SPromoterMobile.csproj", "{3143F290-187B-48C2-A883-1CCB9EA4640C}"
EndProject
Project("{FAE04EC0-301F-11D3-BF4B-00C04F79EFBC}") = "SPromoterMobile.Droid", "SPromoterMobile.Droid\SPromoterMobile.Droid.csproj", "{88B4DEF7-16D6-4669-AAEF-9FBCB338C2BB}"
EndProject
Global
	GlobalSection(SolutionConfigurationPlatforms) = preSolution
		Ad-Hoc|Any CPU = Ad-Hoc|Any CPU
		Ad-Hoc|ARM = Ad-Hoc|ARM
		Ad-Hoc|iPhone = Ad-Hoc|iPhone
		Ad-Hoc|iPhoneSimulator = Ad-Hoc|iPhoneSimulator
		Ad-Hoc|x86 = Ad-Hoc|x86
		AppStore|Any CPU = AppStore|Any CPU
		AppStore|ARM = AppStore|ARM
		AppStore|iPhone = AppStore|iPhone
		AppStore|iPhoneSimulator = AppStore|iPhoneSimulator
		AppStore|x86 = AppStore|x86
		Debug|Any CPU = Debug|Any CPU
		Debug|ARM = Debug|ARM
		Debug|iPhone = Debug|iPhone
		Debug|iPhoneSimulator = Debug|iPhoneSimulator
		Debug|x86 = Debug|x86
		Release|Any CPU = Release|Any CPU
		Release|ARM = Release|ARM
		Release|iPhone = Release|iPhone
		Release|iPhoneSimulator = Release|iPhoneSimulator
		Release|x86 = Release|x86
	EndGlobalSection
	GlobalSection(ProjectConfigurationPlatforms) = postSolution
		{511916E7-EED0-401A-8FFB-FF776D9CDFB6}.Ad-Hoc|Any CPU.ActiveCfg = Release|iPhoneSimulator
		{511916E7-EED0-401A-8FFB-FF776D9CDFB6}.Ad-Hoc|Any CPU.Build.0 = Release|iPhoneSimulator
		{511916E7-EED0-401A-8FFB-FF776D9CDFB6}.Ad-Hoc|ARM.ActiveCfg = Release|iPhoneSimulator
		{511916E7-EED0-401A-8FFB-FF776D9CDFB6}.Ad-Hoc|ARM.Build.0 = Release|iPhoneSimulator
		{511916E7-EED0-401A-8FFB-FF776D9CDFB6}.Ad-Hoc|iPhone.ActiveCfg = Release|iPhoneSimulator
		{511916E7-EED0-401A-8FFB-FF776D9CDFB6}.Ad-Hoc|iPhone.Build.0 = Release|iPhoneSimulator
		{511916E7-EED0-401A-8FFB-FF776D9CDFB6}.Ad-Hoc|iPhoneSimulator.ActiveCfg = Release|iPhoneSimulator
		{511916E7-EED0-401A-8FFB-FF776D9CDFB6}.Ad-Hoc|iPhoneSimulator.Build.0 = Release|iPhoneSimulator
		{511916E7-EED0-401A-8FFB-FF776D9CDFB6}.Ad-Hoc|x86.ActiveCfg = Release|iPhoneSimulator
		{511916E7-EED0-401A-8FFB-FF776D9CDFB6}.Ad-Hoc|x86.Build.0 = Release|iPhoneSimulator
		{511916E7-EED0-401A-8FFB-FF776D9CDFB6}.AppStore|Any CPU.ActiveCfg = Release|iPhoneSimulator
		{511916E7-EED0-401A-8FFB-FF776D9CDFB6}.AppStore|Any CPU.Build.0 = Release|iPhoneSimulator
		{511916E7-EED0-401A-8FFB-FF776D9CDFB6}.AppStore|ARM.ActiveCfg = Release|iPhoneSimulator
		{511916E7-EED0-401A-8FFB-FF776D9CDFB6}.AppStore|ARM.Build.0 = Release|iPhoneSimulator
		{511916E7-EED0-401A-8FFB-FF776D9CDFB6}.AppStore|iPhone.ActiveCfg = Release|iPhoneSimulator
		{511916E7-EED0-401A-8FFB-FF776D9CDFB6}.AppStore|iPhone.Build.0 = Release|iPhoneSimulator
		{511916E7-EED0-401A-8FFB-FF776D9CDFB6}.AppStore|iPhoneSimulator.ActiveCfg = Release|iPhoneSimulator
		{511916E7-EED0-401A-8FFB-FF776D9CDFB6}.AppStore|iPhoneSimulator.Build.0 = Release|iPhoneSimulator
		{511916E7-EED0-401A-8FFB-FF776D9CDFB6}.AppStore|x86.ActiveCfg = Release|iPhoneSimulator
		{511916E7-EED0-401A-8FFB-FF776D9CDFB6}.AppStore|x86.Build.0 = Release|iPhoneSimulator
		{511916E7-EED0-401A-8FFB-FF776D9CDFB6}.Debug|Any CPU.ActiveCfg = Debug|iPhone
		{511916E7-EED0-401A-8FFB-FF776D9CDFB6}.Debug|Any CPU.Build.0 = Debug|iPhone
		{511916E7-EED0-401A-8FFB-FF776D9CDFB6}.Debug|ARM.ActiveCfg = Debug|iPhone
		{511916E7-EED0-401A-8FFB-FF776D9CDFB6}.Debug|ARM.Build.0 = Debug|iPhone
		{511916E7-EED0-401A-8FFB-FF776D9CDFB6}.Debug|iPhone.ActiveCfg = Debug|iPhone
		{511916E7-EED0-401A-8FFB-FF776D9CDFB6}.Debug|iPhone.Build.0 = Debug|iPhone
		{511916E7-EED0-401A-8FFB-FF776D9CDFB6}.Debug|iPhoneSimulator.ActiveCfg = Debug|iPhoneSimulator
		{511916E7-EED0-401A-8FFB-FF776D9CDFB6}.Debug|iPhoneSimulator.Build.0 = Debug|iPhoneSimulator
		{511916E7-EED0-401A-8FFB-FF776D9CDFB6}.Debug|x86.ActiveCfg = Debug|iPhone
		{511916E7-EED0-401A-8FFB-FF776D9CDFB6}.Debug|x86.Build.0 = Debug|iPhone
		{511916E7-EED0-401A-8FFB-FF776D9CDFB6}.Release|Any CPU.ActiveCfg = Release|iPhone
		{511916E7-EED0-401A-8FFB-FF776D9CDFB6}.Release|Any CPU.Build.0 = Release|iPhone
		{511916E7-EED0-401A-8FFB-FF776D9CDFB6}.Release|ARM.ActiveCfg = Release|iPhone
		{511916E7-EED0-401A-8FFB-FF776D9CDFB6}.Release|ARM.Build.0 = Release|iPhone
		{511916E7-EED0-401A-8FFB-FF776D9CDFB6}.Release|iPhone.ActiveCfg = Release|iPhone
		{511916E7-EED0-401A-8FFB-FF776D9CDFB6}.Release|iPhone.Build.0 = Release|iPhone
		{511916E7-EED0-401A-8FFB-FF776D9CDFB6}.Release|iPhoneSimulator.ActiveCfg = Release|iPhoneSimulator
		{511916E7-EED0-401A-8FFB-FF776D9CDFB6}.Release|iPhoneSimulator.Build.0 = Release|iPhoneSimulator
		{511916E7-EED0-401A-8FFB-FF776D9CDFB6}.Release|x86.ActiveCfg = Release|iPhone
		{511916E7-EED0-401A-8FFB-FF776D9CDFB6}.Release|x86.Build.0 = Release|iPhone
		{3143F290-187B-48C2-A883-1CCB9EA4640C}.Ad-Hoc|Any CPU.ActiveCfg = Release|Any CPU
		{3143F290-187B-48C2-A883-1CCB9EA4640C}.Ad-Hoc|Any CPU.Build.0 = Release|Any CPU
		{3143F290-187B-48C2-A883-1CCB9EA4640C}.Ad-Hoc|ARM.ActiveCfg = Release|Any CPU
		{3143F290-187B-48C2-A883-1CCB9EA4640C}.Ad-Hoc|ARM.Build.0 = Release|Any CPU
		{3143F290-187B-48C2-A883-1CCB9EA4640C}.Ad-Hoc|iPhone.ActiveCfg = Release|Any CPU
		{3143F290-187B-48C2-A883-1CCB9EA4640C}.Ad-Hoc|iPhone.Build.0 = Release|Any CPU
		{3143F290-187B-48C2-A883-1CCB9EA4640C}.Ad-Hoc|iPhoneSimulator.ActiveCfg = Release|Any CPU
		{3143F290-187B-48C2-A883-1CCB9EA4640C}.Ad-Hoc|iPhoneSimulator.Build.0 = Release|Any CPU
		{3143F290-187B-48C2-A883-1CCB9EA4640C}.Ad-Hoc|x86.ActiveCfg = Release|Any CPU
		{3143F290-187B-48C2-A883-1CCB9EA4640C}.Ad-Hoc|x86.Build.0 = Release|Any CPU
		{3143F290-187B-48C2-A883-1CCB9EA4640C}.AppStore|Any CPU.ActiveCfg = Release|Any CPU
		{3143F290-187B-48C2-A883-1CCB9EA4640C}.AppStore|Any CPU.Build.0 = Release|Any CPU
		{3143F290-187B-48C2-A883-1CCB9EA4640C}.AppStore|ARM.ActiveCfg = Release|Any CPU
		{3143F290-187B-48C2-A883-1CCB9EA4640C}.AppStore|ARM.Build.0 = Release|Any CPU
		{3143F290-187B-48C2-A883-1CCB9EA4640C}.AppStore|iPhone.ActiveCfg = Release|Any CPU
		{3143F290-187B-48C2-A883-1CCB9EA4640C}.AppStore|iPhone.Build.0 = Release|Any CPU
		{3143F290-187B-48C2-A883-1CCB9EA4640C}.AppStore|iPhoneSimulator.ActiveCfg = Release|Any CPU
		{3143F290-187B-48C2-A883-1CCB9EA4640C}.AppStore|iPhoneSimulator.Build.0 = Release|Any CPU
		{3143F290-187B-48C2-A883-1CCB9EA4640C}.AppStore|x86.ActiveCfg = Release|Any CPU
		{3143F290-187B-48C2-A883-1CCB9EA4640C}.AppStore|x86.Build.0 = Release|Any CPU
		{3143F290-187B-48C2-A883-1CCB9EA4640C}.Debug|Any CPU.ActiveCfg = Debug|Any CPU
		{3143F290-187B-48C2-A883-1CCB9EA4640C}.Debug|Any CPU.Build.0 = Debug|Any CPU
		{3143F290-187B-48C2-A883-1CCB9EA4640C}.Debug|ARM.ActiveCfg = Debug|Any CPU
		{3143F290-187B-48C2-A883-1CCB9EA4640C}.Debug|ARM.Build.0 = Debug|Any CPU
		{3143F290-187B-48C2-A883-1CCB9EA4640C}.Debug|iPhone.ActiveCfg = Debug|Any CPU
		{3143F290-187B-48C2-A883-1CCB9EA4640C}.Debug|iPhone.Build.0 = Debug|Any CPU
		{3143F290-187B-48C2-A883-1CCB9EA4640C}.Debug|iPhoneSimulator.ActiveCfg = Debug|Any CPU
		{3143F290-187B-48C2-A883-1CCB9EA4640C}.Debug|iPhoneSimulator.Build.0 = Debug|Any CPU
		{3143F290-187B-48C2-A883-1CCB9EA4640C}.Debug|x86.ActiveCfg = Debug|Any CPU
		{3143F290-187B-48C2-A883-1CCB9EA4640C}.Debug|x86.Build.0 = Debug|Any CPU
		{3143F290-187B-48C2-A883-1CCB9EA4640C}.Release|Any CPU.ActiveCfg = Release|Any CPU
		{3143F290-187B-48C2-A883-1CCB9EA4640C}.Release|Any CPU.Build.0 = Release|Any CPU
		{3143F290-187B-48C2-A883-1CCB9EA4640C}.Release|ARM.ActiveCfg = Release|Any CPU
		{3143F290-187B-48C2-A883-1CCB9EA4640C}.Release|ARM.Build.0 = Release|Any CPU
		{3143F290-187B-48C2-A883-1CCB9EA4640C}.Release|iPhone.ActiveCfg = Release|Any CPU
		{3143F290-187B-48C2-A883-1CCB9EA4640C}.Release|iPhone.Build.0 = Release|Any CPU
		{3143F290-187B-48C2-A883-1CCB9EA4640C}.Release|iPhoneSimulator.ActiveCfg = Release|Any CPU
		{3143F290-187B-48C2-A883-1CCB9EA4640C}.Release|iPhoneSimulator.Build.0 = Release|Any CPU
		{3143F290-187B-48C2-A883-1CCB9EA4640C}.Release|x86.ActiveCfg = Release|Any CPU
		{3143F290-187B-48C2-A883-1CCB9EA4640C}.Release|x86.Build.0 = Release|Any CPU
		{88B4DEF7-16D6-4669-AAEF-9FBCB338C2BB}.Ad-Hoc|Any CPU.ActiveCfg = Release|Any CPU
		{88B4DEF7-16D6-4669-AAEF-9FBCB338C2BB}.Ad-Hoc|Any CPU.Build.0 = Release|Any CPU
		{88B4DEF7-16D6-4669-AAEF-9FBCB338C2BB}.Ad-Hoc|Any CPU.Deploy.0 = Release|Any CPU
		{88B4DEF7-16D6-4669-AAEF-9FBCB338C2BB}.Ad-Hoc|ARM.ActiveCfg = Release|Any CPU
		{88B4DEF7-16D6-4669-AAEF-9FBCB338C2BB}.Ad-Hoc|ARM.Build.0 = Release|Any CPU
		{88B4DEF7-16D6-4669-AAEF-9FBCB338C2BB}.Ad-Hoc|ARM.Deploy.0 = Release|Any CPU
		{88B4DEF7-16D6-4669-AAEF-9FBCB338C2BB}.Ad-Hoc|iPhone.ActiveCfg = Release|Any CPU
		{88B4DEF7-16D6-4669-AAEF-9FBCB338C2BB}.Ad-Hoc|iPhone.Build.0 = Release|Any CPU
		{88B4DEF7-16D6-4669-AAEF-9FBCB338C2BB}.Ad-Hoc|iPhone.Deploy.0 = Release|Any CPU
		{88B4DEF7-16D6-4669-AAEF-9FBCB338C2BB}.Ad-Hoc|iPhoneSimulator.ActiveCfg = Release|Any CPU
		{88B4DEF7-16D6-4669-AAEF-9FBCB338C2BB}.Ad-Hoc|iPhoneSimulator.Build.0 = Release|Any CPU
		{88B4DEF7-16D6-4669-AAEF-9FBCB338C2BB}.Ad-Hoc|iPhoneSimulator.Deploy.0 = Release|Any CPU
		{88B4DEF7-16D6-4669-AAEF-9FBCB338C2BB}.Ad-Hoc|x86.ActiveCfg = Release|x86
		{88B4DEF7-16D6-4669-AAEF-9FBCB338C2BB}.Ad-Hoc|x86.Build.0 = Release|x86
		{88B4DEF7-16D6-4669-AAEF-9FBCB338C2BB}.Ad-Hoc|x86.Deploy.0 = Release|x86
		{88B4DEF7-16D6-4669-AAEF-9FBCB338C2BB}.AppStore|Any CPU.ActiveCfg = Release|Any CPU
		{88B4DEF7-16D6-4669-AAEF-9FBCB338C2BB}.AppStore|Any CPU.Build.0 = Release|Any CPU
		{88B4DEF7-16D6-4669-AAEF-9FBCB338C2BB}.AppStore|Any CPU.Deploy.0 = Release|Any CPU
		{88B4DEF7-16D6-4669-AAEF-9FBCB338C2BB}.AppStore|ARM.ActiveCfg = Release|Any CPU
		{88B4DEF7-16D6-4669-AAEF-9FBCB338C2BB}.AppStore|ARM.Build.0 = Release|Any CPU
		{88B4DEF7-16D6-4669-AAEF-9FBCB338C2BB}.AppStore|ARM.Deploy.0 = Release|Any CPU
		{88B4DEF7-16D6-4669-AAEF-9FBCB338C2BB}.AppStore|iPhone.ActiveCfg = Release|Any CPU
		{88B4DEF7-16D6-4669-AAEF-9FBCB338C2BB}.AppStore|iPhone.Build.0 = Release|Any CPU
		{88B4DEF7-16D6-4669-AAEF-9FBCB338C2BB}.AppStore|iPhone.Deploy.0 = Release|Any CPU
		{88B4DEF7-16D6-4669-AAEF-9FBCB338C2BB}.AppStore|iPhoneSimulator.ActiveCfg = Release|Any CPU
		{88B4DEF7-16D6-4669-AAEF-9FBCB338C2BB}.AppStore|iPhoneSimulator.Build.0 = Release|Any CPU
		{88B4DEF7-16D6-4669-AAEF-9FBCB338C2BB}.AppStore|iPhoneSimulator.Deploy.0 = Release|Any CPU
		{88B4DEF7-16D6-4669-AAEF-9FBCB338C2BB}.AppStore|x86.ActiveCfg = Release|x86
		{88B4DEF7-16D6-4669-AAEF-9FBCB338C2BB}.AppStore|x86.Build.0 = Release|x86
		{88B4DEF7-16D6-4669-AAEF-9FBCB338C2BB}.AppStore|x86.Deploy.0 = Release|x86
		{88B4DEF7-16D6-4669-AAEF-9FBCB338C2BB}.Debug|Any CPU.ActiveCfg = Debug|Any CPU
		{88B4DEF7-16D6-4669-AAEF-9FBCB338C2BB}.Debug|Any CPU.Build.0 = Debug|Any CPU
		{88B4DEF7-16D6-4669-AAEF-9FBCB338C2BB}.Debug|Any CPU.Deploy.0 = Debug|Any CPU
		{88B4DEF7-16D6-4669-AAEF-9FBCB338C2BB}.Debug|ARM.ActiveCfg = Debug|Any CPU
		{88B4DEF7-16D6-4669-AAEF-9FBCB338C2BB}.Debug|ARM.Build.0 = Debug|Any CPU
		{88B4DEF7-16D6-4669-AAEF-9FBCB338C2BB}.Debug|ARM.Deploy.0 = Debug|Any CPU
		{88B4DEF7-16D6-4669-AAEF-9FBCB338C2BB}.Debug|iPhone.ActiveCfg = Debug|Any CPU
		{88B4DEF7-16D6-4669-AAEF-9FBCB338C2BB}.Debug|iPhone.Build.0 = Debug|Any CPU
		{88B4DEF7-16D6-4669-AAEF-9FBCB338C2BB}.Debug|iPhone.Deploy.0 = Debug|Any CPU
		{88B4DEF7-16D6-4669-AAEF-9FBCB338C2BB}.Debug|iPhoneSimulator.ActiveCfg = Debug|Any CPU
		{88B4DEF7-16D6-4669-AAEF-9FBCB338C2BB}.Debug|iPhoneSimulator.Build.0 = Debug|Any CPU
		{88B4DEF7-16D6-4669-AAEF-9FBCB338C2BB}.Debug|iPhoneSimulator.Deploy.0 = Debug|Any CPU
		{88B4DEF7-16D6-4669-AAEF-9FBCB338C2BB}.Debug|x86.ActiveCfg = Debug|x86
		{88B4DEF7-16D6-4669-AAEF-9FBCB338C2BB}.Debug|x86.Build.0 = Debug|x86
		{88B4DEF7-16D6-4669-AAEF-9FBCB338C2BB}.Debug|x86.Deploy.0 = Debug|x86
		{88B4DEF7-16D6-4669-AAEF-9FBCB338C2BB}.Release|Any CPU.ActiveCfg = Release|Any CPU
		{88B4DEF7-16D6-4669-AAEF-9FBCB338C2BB}.Release|Any CPU.Build.0 = Release|Any CPU
		{88B4DEF7-16D6-4669-AAEF-9FBCB338C2BB}.Release|Any CPU.Deploy.0 = Release|Any CPU
		{88B4DEF7-16D6-4669-AAEF-9FBCB338C2BB}.Release|ARM.ActiveCfg = Release|Any CPU
		{88B4DEF7-16D6-4669-AAEF-9FBCB338C2BB}.Release|ARM.Build.0 = Release|Any CPU
		{88B4DEF7-16D6-4669-AAEF-9FBCB338C2BB}.Release|ARM.Deploy.0 = Release|Any CPU
		{88B4DEF7-16D6-4669-AAEF-9FBCB338C2BB}.Release|iPhone.ActiveCfg = Release|Any CPU
		{88B4DEF7-16D6-4669-AAEF-9FBCB338C2BB}.Release|iPhone.Build.0 = Release|Any CPU
		{88B4DEF7-16D6-4669-AAEF-9FBCB338C2BB}.Release|iPhone.Deploy.0 = Release|Any CPU
		{88B4DEF7-16D6-4669-AAEF-9FBCB338C2BB}.Release|iPhoneSimulator.ActiveCfg = Release|Any CPU
		{88B4DEF7-16D6-4669-AAEF-9FBCB338C2BB}.Release|iPhoneSimulator.Build.0 = Release|Any CPU
		{88B4DEF7-16D6-4669-AAEF-9FBCB338C2BB}.Release|iPhoneSimulator.Deploy.0 = Release|Any CPU
		{88B4DEF7-16D6-4669-AAEF-9FBCB338C2BB}.Release|x86.ActiveCfg = Release|x86
		{88B4DEF7-16D6-4669-AAEF-9FBCB338C2BB}.Release|x86.Build.0 = Release|x86
		{88B4DEF7-16D6-4669-AAEF-9FBCB338C2BB}.Release|x86.Deploy.0 = Release|x86
	EndGlobalSection
	GlobalSection(SolutionProperties) = preSolution
		HideSolutionNode = FALSE
	EndGlobalSection
	GlobalSection(ExtensibilityGlobals) = postSolution
		SolutionGuid = {34AD1269-EF1B-4385-BF44-F58133E40D15}
	EndGlobalSection
	GlobalSection(MonoDevelopProperties) = preSolution
		Policies = $0
		$0.DotNetNamingPolicy = $1
		$0.StandardHeader = $2
		$2.Text = @\n ${FileName}\n \n Author:\n      ${AuthorName} <${AuthorEmail}>\n \n Copyright (c) ${Year} ${CopyrightHolder}\n
		$0.NameConventionPolicy = $3
		$3.Rules = $4
		$4.NamingRule = $24
		$24.AffectedEntity = None
		$24.VisibilityMask = VisibilityMask
		$24.NamingStyle = None
		$24.IncludeInstanceMembers = True
		$24.IncludeStaticEntities = True
		$0.VersionControlPolicy = $25
		version = 406000066
	EndGlobalSection
EndGlobal
